{
  "version": 4,
  "terraform_version": "1.3.7",
  "serial": 221,
  "lineage": "15f869da-01b7-3755-53dc-4072a1a661af",
  "outputs": {},
  "resources": [
    {
      "mode": "data",
      "type": "archive_file",
      "name": "lambda_zip",
      "provider": "provider[\"registry.terraform.io/hashicorp/archive\"]",
      "instances": [
        {
          "schema_version": 0,
          "attributes": {
            "excludes": [
              "dist",
              "node_modules",
              "periodic-care-package-layer.zip",
              "periodic-care-package.zip",
              "terraform"
            ],
            "id": "95f7e2b5bbf2245af051ae1693e00409516fc283",
            "output_base64sha256": "uOfG63M/AtZrW1vAGYY2a6xn/vFV/tZs65RIAabGgAQ=",
            "output_file_mode": null,
            "output_md5": "ec92ab726cdfdee81552a18a3eb050e5",
            "output_path": "../../periodic-care-package.zip",
            "output_sha": "95f7e2b5bbf2245af051ae1693e00409516fc283",
            "output_size": 272804,
            "source": [],
            "source_content": null,
            "source_content_filename": null,
            "source_dir": "../../.",
            "source_file": null,
            "type": "zip"
          },
          "sensitive_attributes": []
        }
      ]
    },
    {
      "mode": "data",
      "type": "aws_caller_identity",
      "name": "current",
      "provider": "provider[\"registry.terraform.io/hashicorp/aws\"]",
      "instances": [
        {
          "schema_version": 0,
          "attributes": {
            "account_id": "523878000693",
            "arn": "arn:aws:iam::523878000693:user/alvin",
            "id": "523878000693",
            "user_id": "AIDAXT6MP5A2WEUORYJTY"
          },
          "sensitive_attributes": []
        }
      ]
    },
    {
      "mode": "data",
      "type": "aws_iam_policy_document",
      "name": "AWSLambdaTrustPolicy",
      "provider": "provider[\"registry.terraform.io/hashicorp/aws\"]",
      "instances": [
        {
          "schema_version": 0,
          "attributes": {
            "id": "3693445097",
            "json": "{\n  \"Version\": \"2012-10-17\",\n  \"Statement\": [\n    {\n      \"Sid\": \"\",\n      \"Effect\": \"Allow\",\n      \"Action\": \"sts:AssumeRole\",\n      \"Principal\": {\n        \"Service\": \"lambda.amazonaws.com\"\n      }\n    }\n  ]\n}",
            "override_json": null,
            "override_policy_documents": null,
            "policy_id": null,
            "source_json": null,
            "source_policy_documents": null,
            "statement": [
              {
                "actions": [
                  "sts:AssumeRole"
                ],
                "condition": [],
                "effect": "Allow",
                "not_actions": [],
                "not_principals": [],
                "not_resources": [],
                "principals": [
                  {
                    "identifiers": [
                      "lambda.amazonaws.com"
                    ],
                    "type": "Service"
                  }
                ],
                "resources": [],
                "sid": ""
              }
            ],
            "version": "2012-10-17"
          },
          "sensitive_attributes": []
        }
      ]
    },
    {
      "mode": "data",
      "type": "aws_iam_policy_document",
      "name": "sns_topic_policy",
      "provider": "provider[\"registry.terraform.io/hashicorp/aws\"]",
      "instances": [
        {
          "schema_version": 0,
          "attributes": {
            "id": "1555854157",
            "json": "{\n  \"Version\": \"2012-10-17\",\n  \"Statement\": [\n    {\n      \"Sid\": \"\",\n      \"Effect\": \"Allow\",\n      \"Action\": \"SNS:Publish\",\n      \"Resource\": \"arn:aws:sns:us-east-1:523878000693:periodic_care_package_topic-dev\",\n      \"Principal\": {\n        \"AWS\": \"arn:aws:iam::523878000693:role/periodic_care_package_iam-dev\"\n      }\n    }\n  ]\n}",
            "override_json": null,
            "override_policy_documents": null,
            "policy_id": null,
            "source_json": null,
            "source_policy_documents": null,
            "statement": [
              {
                "actions": [
                  "SNS:Publish"
                ],
                "condition": [],
                "effect": "Allow",
                "not_actions": [],
                "not_principals": [],
                "not_resources": [],
                "principals": [
                  {
                    "identifiers": [
                      "arn:aws:iam::523878000693:role/periodic_care_package_iam-dev"
                    ],
                    "type": "AWS"
                  }
                ],
                "resources": [
                  "arn:aws:sns:us-east-1:523878000693:periodic_care_package_topic-dev"
                ],
                "sid": ""
              }
            ],
            "version": "2012-10-17"
          },
          "sensitive_attributes": []
        }
      ]
    },
    {
      "mode": "data",
      "type": "aws_region",
      "name": "current",
      "provider": "provider[\"registry.terraform.io/hashicorp/aws\"]",
      "instances": [
        {
          "schema_version": 0,
          "attributes": {
            "description": "US East (N. Virginia)",
            "endpoint": "ec2.us-east-1.amazonaws.com",
            "id": "us-east-1",
            "name": "us-east-1"
          },
          "sensitive_attributes": []
        }
      ]
    },
    {
      "mode": "managed",
      "type": "aws_cloudwatch_event_rule",
      "name": "periodic_care_package_schedule",
      "provider": "provider[\"registry.terraform.io/hashicorp/aws\"]",
      "instances": [
        {
          "schema_version": 0,
          "attributes": {
            "arn": "arn:aws:events:us-east-1:523878000693:rule/periodic_care_package_schedule",
            "description": "Schedule for Lambda Function",
            "event_bus_name": "default",
            "event_pattern": null,
            "id": "periodic_care_package_schedule",
            "is_enabled": true,
            "name": "periodic_care_package_schedule",
            "name_prefix": "",
            "role_arn": "",
            "schedule_expression": "cron(0 12 * * ? *)",
            "tags": {},
            "tags_all": {}
          },
          "sensitive_attributes": [],
          "private": "bnVsbA=="
        }
      ]
    },
    {
      "mode": "managed",
      "type": "aws_cloudwatch_event_target",
      "name": "schedule_lambda_target",
      "provider": "provider[\"registry.terraform.io/hashicorp/aws\"]",
      "instances": [
        {
          "schema_version": 1,
          "attributes": {
            "arn": "arn:aws:lambda:us-east-1:523878000693:function:periodic_care_package-dev",
            "batch_target": [],
            "dead_letter_config": [],
            "ecs_target": [],
            "event_bus_name": "default",
            "http_target": [],
            "id": "periodic_care_package_schedule-periodic_lambda",
            "input": "",
            "input_path": "",
            "input_transformer": [],
            "kinesis_target": [],
            "redshift_target": [],
            "retry_policy": [],
            "role_arn": "",
            "rule": "periodic_care_package_schedule",
            "run_command_targets": [],
            "sqs_target": [],
            "target_id": "periodic_lambda"
          },
          "sensitive_attributes": [],
          "private": "eyJzY2hlbWFfdmVyc2lvbiI6IjEifQ==",
          "dependencies": [
            "aws_cloudwatch_event_rule.periodic_care_package_schedule",
            "aws_iam_role.periodic_care_package_function_role-dev",
            "aws_lambda_function.periodic_care_package_lambda",
            "aws_lambda_layer_version.lambda_layer",
            "aws_sns_topic.periodic_care_package_topic-dev",
            "data.archive_file.lambda_zip",
            "data.aws_iam_policy_document.AWSLambdaTrustPolicy"
          ]
        }
      ]
    },
    {
      "mode": "managed",
      "type": "aws_cloudwatch_log_group",
      "name": "this",
      "provider": "provider[\"registry.terraform.io/hashicorp/aws\"]",
      "instances": [
        {
          "schema_version": 0,
          "attributes": {
            "arn": "arn:aws:logs:us-east-1:523878000693:log-group:/aws/lambda/periodic_care_package",
            "id": "/aws/lambda/periodic_care_package",
            "kms_key_id": "",
            "name": "/aws/lambda/periodic_care_package",
            "name_prefix": "",
            "retention_in_days": 1,
            "skip_destroy": false,
            "tags": {
              "environment": "development",
              "service_name": "periodic_care_package"
            },
            "tags_all": {
              "environment": "development",
              "service_name": "periodic_care_package"
            }
          },
          "sensitive_attributes": [],
          "private": "bnVsbA=="
        }
      ]
    },
    {
      "mode": "managed",
      "type": "aws_dynamodb_table",
      "name": "terraform_state_lock",
      "provider": "provider[\"registry.terraform.io/hashicorp/aws\"]",
      "instances": [
        {
          "schema_version": 1,
          "attributes": {
            "arn": "arn:aws:dynamodb:us-east-1:523878000693:table/terraform_state_lock",
            "attribute": [
              {
                "name": "LockID",
                "type": "S"
              }
            ],
            "billing_mode": "PAY_PER_REQUEST",
            "global_secondary_index": [],
            "hash_key": "LockID",
            "id": "terraform_state_lock",
            "local_secondary_index": [],
            "name": "terraform_state_lock",
            "point_in_time_recovery": [
              {
                "enabled": false
              }
            ],
            "range_key": null,
            "read_capacity": 0,
            "replica": [],
            "restore_date_time": null,
            "restore_source_name": null,
            "restore_to_latest_time": null,
            "server_side_encryption": [],
            "stream_arn": "",
            "stream_enabled": false,
            "stream_label": "",
            "stream_view_type": "",
            "table_class": "",
            "tags": null,
            "tags_all": {},
            "timeouts": null,
            "ttl": [
              {
                "attribute_name": "",
                "enabled": false
              }
            ],
            "write_capacity": 0
          },
          "sensitive_attributes": [],
          "private": "eyJlMmJmYjczMC1lY2FhLTExZTYtOGY4OC0zNDM2M2JjN2M0YzAiOnsiY3JlYXRlIjoxODAwMDAwMDAwMDAwLCJkZWxldGUiOjYwMDAwMDAwMDAwMCwidXBkYXRlIjozNjAwMDAwMDAwMDAwfSwic2NoZW1hX3ZlcnNpb24iOiIxIn0="
        }
      ]
    },
    {
      "mode": "managed",
      "type": "aws_iam_role",
      "name": "periodic_care_package_function_role-dev",
      "provider": "provider[\"registry.terraform.io/hashicorp/aws\"]",
      "instances": [
        {
          "schema_version": 0,
          "attributes": {
            "arn": "arn:aws:iam::523878000693:role/periodic_care_package_iam-dev",
            "assume_role_policy": "{\"Statement\":[{\"Action\":\"sts:AssumeRole\",\"Effect\":\"Allow\",\"Principal\":{\"Service\":\"lambda.amazonaws.com\"},\"Sid\":\"\"}],\"Version\":\"2012-10-17\"}",
            "create_date": "2023-02-07T03:29:06Z",
            "description": "",
            "force_detach_policies": false,
            "id": "periodic_care_package_iam-dev",
            "inline_policy": [],
            "managed_policy_arns": [
              "arn:aws:iam::aws:policy/AWSXrayWriteOnlyAccess",
              "arn:aws:iam::aws:policy/service-role/AWSIoTDeviceDefenderPublishFindingsToSNSMitigationAction",
              "arn:aws:iam::aws:policy/service-role/AWSLambdaBasicExecutionRole"
            ],
            "max_session_duration": 3600,
            "name": "periodic_care_package_iam-dev",
            "name_prefix": "",
            "path": "/",
            "permissions_boundary": null,
            "tags": {
              "environment": "development",
              "service_name": "periodic_care_package"
            },
            "tags_all": {
              "environment": "development",
              "service_name": "periodic_care_package"
            },
            "unique_id": "AROAXT6MP5A2XY2N2VFAJ"
          },
          "sensitive_attributes": [],
          "private": "bnVsbA==",
          "dependencies": [
            "data.aws_iam_policy_document.AWSLambdaTrustPolicy"
          ]
        }
      ]
    },
    {
      "mode": "managed",
      "type": "aws_iam_role_policy_attachment",
      "name": "execution",
      "provider": "provider[\"registry.terraform.io/hashicorp/aws\"]",
      "instances": [
        {
          "schema_version": 0,
          "attributes": {
            "id": "periodic_care_package_iam-dev-20230208010444428600000002",
            "policy_arn": "arn:aws:iam::aws:policy/service-role/AWSLambdaBasicExecutionRole",
            "role": "periodic_care_package_iam-dev"
          },
          "sensitive_attributes": [],
          "private": "bnVsbA==",
          "dependencies": [
            "aws_iam_role.periodic_care_package_function_role-dev",
            "data.aws_iam_policy_document.AWSLambdaTrustPolicy"
          ]
        }
      ]
    },
    {
      "mode": "managed",
      "type": "aws_iam_role_policy_attachment",
      "name": "sns_publish",
      "provider": "provider[\"registry.terraform.io/hashicorp/aws\"]",
      "instances": [
        {
          "schema_version": 0,
          "attributes": {
            "id": "periodic_care_package_iam-dev-20230210005858252000000001",
            "policy_arn": "arn:aws:iam::aws:policy/service-role/AWSIoTDeviceDefenderPublishFindingsToSNSMitigationAction",
            "role": "periodic_care_package_iam-dev"
          },
          "sensitive_attributes": [],
          "private": "bnVsbA==",
          "dependencies": [
            "aws_iam_role.periodic_care_package_function_role-dev",
            "data.aws_iam_policy_document.AWSLambdaTrustPolicy"
          ]
        }
      ]
    },
    {
      "mode": "managed",
      "type": "aws_iam_role_policy_attachment",
      "name": "xray",
      "provider": "provider[\"registry.terraform.io/hashicorp/aws\"]",
      "instances": [
        {
          "schema_version": 0,
          "attributes": {
            "id": "periodic_care_package_iam-dev-20230208010444373400000001",
            "policy_arn": "arn:aws:iam::aws:policy/AWSXrayWriteOnlyAccess",
            "role": "periodic_care_package_iam-dev"
          },
          "sensitive_attributes": [],
          "private": "bnVsbA==",
          "dependencies": [
            "aws_iam_role.periodic_care_package_function_role-dev",
            "data.aws_iam_policy_document.AWSLambdaTrustPolicy"
          ]
        }
      ]
    },
    {
      "mode": "managed",
      "type": "aws_lambda_function",
      "name": "periodic_care_package_lambda",
      "provider": "provider[\"registry.terraform.io/hashicorp/aws\"]",
      "instances": [
        {
          "schema_version": 0,
          "attributes": {
            "architectures": [
              "x86_64"
            ],
            "arn": "arn:aws:lambda:us-east-1:523878000693:function:periodic_care_package-dev",
            "code_signing_config_arn": "",
            "dead_letter_config": [],
            "description": "",
            "environment": [
              {
                "variables": {
                  "SNS_ARN": "arn:aws:sns:us-east-1:523878000693:periodic_care_package_topic-dev"
                }
              }
            ],
            "ephemeral_storage": [
              {
                "size": 512
              }
            ],
            "file_system_config": [],
            "filename": "../../periodic-care-package.zip",
            "function_name": "periodic_care_package-dev",
            "handler": "index.handler",
            "id": "periodic_care_package-dev",
            "image_config": [],
            "image_uri": "",
            "invoke_arn": "arn:aws:apigateway:us-east-1:lambda:path/2015-03-31/functions/arn:aws:lambda:us-east-1:523878000693:function:periodic_care_package-dev/invocations",
            "kms_key_arn": "",
            "last_modified": "2023-04-10T00:00:37.000+0000",
            "layers": [
              "arn:aws:lambda:us-east-1:523878000693:layer:periodic-care-package-layer:4"
            ],
            "memory_size": 256,
            "package_type": "Zip",
            "publish": false,
            "qualified_arn": "arn:aws:lambda:us-east-1:523878000693:function:periodic_care_package-dev:$LATEST",
            "qualified_invoke_arn": "arn:aws:apigateway:us-east-1:lambda:path/2015-03-31/functions/arn:aws:lambda:us-east-1:523878000693:function:periodic_care_package-dev:$LATEST/invocations",
            "reserved_concurrent_executions": -1,
            "role": "arn:aws:iam::523878000693:role/periodic_care_package_iam-dev",
            "runtime": "nodejs16.x",
            "s3_bucket": null,
            "s3_key": null,
            "s3_object_version": null,
            "signing_job_arn": "",
            "signing_profile_version_arn": "",
            "snap_start": [],
            "source_code_hash": "uOfG63M/AtZrW1vAGYY2a6xn/vFV/tZs65RIAabGgAQ=",
            "source_code_size": 272804,
            "tags": {
              "environment": "development",
              "service_name": "periodic_care_package"
            },
            "tags_all": {
              "environment": "development",
              "service_name": "periodic_care_package"
            },
            "timeout": 30,
            "timeouts": null,
            "tracing_config": [
              {
                "mode": "PassThrough"
              }
            ],
            "version": "$LATEST",
            "vpc_config": []
          },
          "sensitive_attributes": [],
          "private": "eyJlMmJmYjczMC1lY2FhLTExZTYtOGY4OC0zNDM2M2JjN2M0YzAiOnsiY3JlYXRlIjo2MDAwMDAwMDAwMDAsInVwZGF0ZSI6NjAwMDAwMDAwMDAwfX0=",
          "dependencies": [
            "aws_iam_role.periodic_care_package_function_role-dev",
            "aws_lambda_layer_version.lambda_layer",
            "aws_sns_topic.periodic_care_package_topic-dev",
            "data.archive_file.lambda_zip",
            "data.aws_iam_policy_document.AWSLambdaTrustPolicy"
          ]
        }
      ]
    },
    {
      "mode": "managed",
      "type": "aws_lambda_layer_version",
      "name": "lambda_layer",
      "provider": "provider[\"registry.terraform.io/hashicorp/aws\"]",
      "instances": [
        {
          "schema_version": 0,
          "attributes": {
            "arn": "arn:aws:lambda:us-east-1:523878000693:layer:periodic-care-package-layer:4",
            "compatible_architectures": [],
            "compatible_runtimes": [
              "nodejs16.x"
            ],
            "created_date": "2023-02-10T05:14:52.548+0000",
            "description": "",
            "filename": "../../periodic-care-package-layer.zip",
            "id": "arn:aws:lambda:us-east-1:523878000693:layer:periodic-care-package-layer:4",
            "layer_arn": "arn:aws:lambda:us-east-1:523878000693:layer:periodic-care-package-layer",
            "layer_name": "periodic-care-package-layer",
            "license_info": "",
            "s3_bucket": null,
            "s3_key": null,
            "s3_object_version": null,
            "signing_job_arn": "",
            "signing_profile_version_arn": "",
            "skip_destroy": false,
            "source_code_hash": "nVp8c2OwCJiyfUjYsuK3sBPfOHfKYartzBbH9U+lVZ4=",
            "source_code_size": 27393418,
            "version": "4"
          },
          "sensitive_attributes": [],
          "private": "bnVsbA=="
        }
      ]
    },
    {
      "mode": "managed",
      "type": "aws_lambda_permission",
      "name": "allow_events_bridge_to_run_lambda",
      "provider": "provider[\"registry.terraform.io/hashicorp/aws\"]",
      "instances": [
        {
          "schema_version": 0,
          "attributes": {
            "action": "lambda:InvokeFunction",
            "event_source_token": null,
            "function_name": "periodic_care_package-dev",
            "function_url_auth_type": null,
            "id": "AllowExecutionFromCloudWatch",
            "principal": "events.amazonaws.com",
            "principal_org_id": null,
            "qualifier": "",
            "source_account": null,
            "source_arn": null,
            "statement_id": "AllowExecutionFromCloudWatch",
            "statement_id_prefix": ""
          },
          "sensitive_attributes": [],
          "private": "bnVsbA==",
          "dependencies": [
            "aws_iam_role.periodic_care_package_function_role-dev",
            "aws_lambda_function.periodic_care_package_lambda",
            "aws_lambda_layer_version.lambda_layer",
            "aws_sns_topic.periodic_care_package_topic-dev",
            "data.archive_file.lambda_zip",
            "data.aws_iam_policy_document.AWSLambdaTrustPolicy"
          ]
        }
      ]
    },
    {
      "mode": "managed",
      "type": "aws_s3_bucket",
      "name": "terraform_state_file",
      "provider": "provider[\"registry.terraform.io/hashicorp/aws\"]",
      "instances": [
        {
          "schema_version": 0,
          "attributes": {
            "acceleration_status": "",
            "acl": null,
            "arn": "arn:aws:s3:::terraform-state-file-periodic-care-package",
            "bucket": "terraform-state-file-periodic-care-package",
            "bucket_domain_name": "terraform-state-file-periodic-care-package.s3.amazonaws.com",
            "bucket_prefix": null,
            "bucket_regional_domain_name": "terraform-state-file-periodic-care-package.s3.amazonaws.com",
            "cors_rule": [],
            "force_destroy": true,
            "grant": [
              {
                "id": "b2d924336378fc791c33b81bfda451427c91cff99544054e6032a006fd716b89",
                "permissions": [
                  "FULL_CONTROL"
                ],
                "type": "CanonicalUser",
                "uri": ""
              }
            ],
            "hosted_zone_id": "Z3AQBSTGFYJSTF",
            "id": "terraform-state-file-periodic-care-package",
            "lifecycle_rule": [],
            "logging": [],
            "object_lock_configuration": [],
            "object_lock_enabled": false,
            "policy": "",
            "region": "us-east-1",
            "replication_configuration": [],
            "request_payer": "BucketOwner",
            "server_side_encryption_configuration": [
              {
                "rule": [
                  {
                    "apply_server_side_encryption_by_default": [
                      {
                        "kms_master_key_id": "",
                        "sse_algorithm": "AES256"
                      }
                    ],
                    "bucket_key_enabled": false
                  }
                ]
              }
            ],
            "tags": {
              "environment": "development",
              "service_name": "periodic_care_package"
            },
            "tags_all": {
              "environment": "development",
              "service_name": "periodic_care_package"
            },
            "timeouts": null,
            "versioning": [
              {
                "enabled": true,
                "mfa_delete": false
              }
            ],
            "website": [],
            "website_domain": null,
            "website_endpoint": null
          },
          "sensitive_attributes": [],
          "private": "eyJlMmJmYjczMC1lY2FhLTExZTYtOGY4OC0zNDM2M2JjN2M0YzAiOnsiY3JlYXRlIjoxMjAwMDAwMDAwMDAwLCJkZWxldGUiOjM2MDAwMDAwMDAwMDAsInJlYWQiOjEyMDAwMDAwMDAwMDAsInVwZGF0ZSI6MTIwMDAwMDAwMDAwMH19"
        }
      ]
    },
    {
      "mode": "managed",
      "type": "aws_s3_bucket_server_side_encryption_configuration",
      "name": "terraform_state_encryption",
      "provider": "provider[\"registry.terraform.io/hashicorp/aws\"]",
      "instances": [
        {
          "schema_version": 0,
          "attributes": {
            "bucket": "terraform-state-file-periodic-care-package",
            "expected_bucket_owner": "",
            "id": "terraform-state-file-periodic-care-package",
            "rule": [
              {
                "apply_server_side_encryption_by_default": [
                  {
                    "kms_master_key_id": "",
                    "sse_algorithm": "AES256"
                  }
                ],
                "bucket_key_enabled": false
              }
            ]
          },
          "sensitive_attributes": [],
          "private": "bnVsbA==",
          "dependencies": [
            "aws_s3_bucket.terraform_state_file"
          ]
        }
      ]
    },
    {
      "mode": "managed",
      "type": "aws_s3_bucket_versioning",
      "name": "terraform_state_versioning",
      "provider": "provider[\"registry.terraform.io/hashicorp/aws\"]",
      "instances": [
        {
          "schema_version": 0,
          "attributes": {
            "bucket": "terraform-state-file-periodic-care-package",
            "expected_bucket_owner": "",
            "id": "terraform-state-file-periodic-care-package",
            "mfa": null,
            "versioning_configuration": [
              {
                "mfa_delete": "",
                "status": "Enabled"
              }
            ]
          },
          "sensitive_attributes": [],
          "private": "bnVsbA==",
          "dependencies": [
            "aws_s3_bucket.terraform_state_file"
          ]
        }
      ]
    },
    {
      "mode": "managed",
      "type": "aws_sns_topic",
      "name": "periodic_care_package_topic-dev",
      "provider": "provider[\"registry.terraform.io/hashicorp/aws\"]",
      "instances": [
        {
          "schema_version": 0,
          "attributes": {
            "application_failure_feedback_role_arn": "",
            "application_success_feedback_role_arn": "",
            "application_success_feedback_sample_rate": 0,
            "arn": "arn:aws:sns:us-east-1:523878000693:periodic_care_package_topic-dev",
            "content_based_deduplication": false,
            "delivery_policy": "",
            "display_name": "",
            "fifo_topic": false,
            "firehose_failure_feedback_role_arn": "",
            "firehose_success_feedback_role_arn": "",
            "firehose_success_feedback_sample_rate": 0,
            "http_failure_feedback_role_arn": "",
            "http_success_feedback_role_arn": "",
            "http_success_feedback_sample_rate": 0,
            "id": "arn:aws:sns:us-east-1:523878000693:periodic_care_package_topic-dev",
            "kms_master_key_id": "",
            "lambda_failure_feedback_role_arn": "",
            "lambda_success_feedback_role_arn": "",
            "lambda_success_feedback_sample_rate": 0,
            "name": "periodic_care_package_topic-dev",
            "name_prefix": "",
            "owner": "523878000693",
            "policy": "{\"Statement\":[{\"Action\":\"SNS:Publish\",\"Effect\":\"Allow\",\"Principal\":{\"AWS\":\"arn:aws:iam::523878000693:role/periodic_care_package_iam-dev\"},\"Resource\":\"arn:aws:sns:us-east-1:523878000693:periodic_care_package_topic-dev\",\"Sid\":\"\"}],\"Version\":\"2012-10-17\"}",
            "sqs_failure_feedback_role_arn": "",
            "sqs_success_feedback_role_arn": "",
            "sqs_success_feedback_sample_rate": 0,
            "tags": {
              "environment": "development",
              "service_name": "periodic_care_package"
            },
            "tags_all": {
              "environment": "development",
              "service_name": "periodic_care_package"
            }
          },
          "sensitive_attributes": [],
          "private": "bnVsbA=="
        }
      ]
    },
    {
      "mode": "managed",
      "type": "aws_sns_topic_policy",
      "name": "period_care_package_sns_policy-dev",
      "provider": "provider[\"registry.terraform.io/hashicorp/aws\"]",
      "instances": [
        {
          "schema_version": 0,
          "attributes": {
            "arn": "arn:aws:sns:us-east-1:523878000693:periodic_care_package_topic-dev",
            "id": "arn:aws:sns:us-east-1:523878000693:periodic_care_package_topic-dev",
            "owner": "523878000693",
            "policy": "{\"Statement\":[{\"Action\":\"SNS:Publish\",\"Effect\":\"Allow\",\"Principal\":{\"AWS\":\"arn:aws:iam::523878000693:role/periodic_care_package_iam-dev\"},\"Resource\":\"arn:aws:sns:us-east-1:523878000693:periodic_care_package_topic-dev\",\"Sid\":\"\"}],\"Version\":\"2012-10-17\"}"
          },
          "sensitive_attributes": [],
          "private": "bnVsbA==",
          "dependencies": [
            "aws_iam_role.periodic_care_package_function_role-dev",
            "aws_sns_topic.periodic_care_package_topic-dev",
            "data.aws_iam_policy_document.AWSLambdaTrustPolicy",
            "data.aws_iam_policy_document.sns_topic_policy"
          ]
        }
      ]
    },
    {
      "mode": "managed",
      "type": "aws_sns_topic_subscription",
      "name": "periodic_care_package_subscriptions-dev",
      "provider": "provider[\"registry.terraform.io/hashicorp/aws\"]",
      "instances": [
        {
          "schema_version": 0,
          "attributes": {
            "arn": "arn:aws:sns:us-east-1:523878000693:periodic_care_package_topic-dev:9b93c9bb-85ea-40ec-a9f9-b1502e6adb6b",
            "confirmation_timeout_in_minutes": 1,
            "confirmation_was_authenticated": false,
            "delivery_policy": "",
            "endpoint": "alvinlee4197@gmail.com",
            "endpoint_auto_confirms": false,
            "filter_policy": "",
            "filter_policy_scope": "",
            "id": "arn:aws:sns:us-east-1:523878000693:periodic_care_package_topic-dev:9b93c9bb-85ea-40ec-a9f9-b1502e6adb6b",
            "owner_id": "523878000693",
            "pending_confirmation": false,
            "protocol": "email",
            "raw_message_delivery": false,
            "redrive_policy": "",
            "subscription_role_arn": "",
            "topic_arn": "arn:aws:sns:us-east-1:523878000693:periodic_care_package_topic-dev"
          },
          "sensitive_attributes": [],
          "private": "bnVsbA==",
          "dependencies": [
            "aws_sns_topic.periodic_care_package_topic-dev"
          ]
        }
      ]
    }
  ],
  "check_results": null
}
